
Microsoft Visual Studio Solution File, Format Version 12.00
# Visual Studio 15
VisualStudioVersion = 15.0.27428.2015
MinimumVisualStudioVersion = 10.0.40219.1
Project("{FAE04EC0-301F-11D3-BF4B-00C04F79EFBC}") = "MyMessenger", "MyMessenger\MyMessenger.csproj", "{43583CD2-4B1C-4258-A52C-32256B63792D}"
EndProject
Project("{FAE04EC0-301F-11D3-BF4B-00C04F79EFBC}") = "BLL", "BLL\BLL.csproj", "{351F2FAE-7FD8-4FD6-B074-C2F3DEFBAF32}"
EndProject
Project("{FAE04EC0-301F-11D3-BF4B-00C04F79EFBC}") = "DAL", "DAL\DAL.csproj", "{A05D4C2C-F12A-4B11-B964-0A2F461DA4F2}"
EndProject
Project("{FAE04EC0-301F-11D3-BF4B-00C04F79EFBC}") = "Entities", "Entities\Entities.csproj", "{B9C54836-702D-4840-9FF8-416F6530FB38}"
EndProject
Global
	GlobalSection(SolutionConfigurationPlatforms) = preSolution
		Debug|Any CPU = Debug|Any CPU
		Release|Any CPU = Release|Any CPU
	EndGlobalSection
	GlobalSection(ProjectConfigurationPlatforms) = postSolution
		{43583CD2-4B1C-4258-A52C-32256B63792D}.Debug|Any CPU.ActiveCfg = Debug|Any CPU
		{43583CD2-4B1C-4258-A52C-32256B63792D}.Debug|Any CPU.Build.0 = Debug|Any CPU
		{43583CD2-4B1C-4258-A52C-32256B63792D}.Release|Any CPU.ActiveCfg = Release|Any CPU
		{43583CD2-4B1C-4258-A52C-32256B63792D}.Release|Any CPU.Build.0 = Release|Any CPU
		{351F2FAE-7FD8-4FD6-B074-C2F3DEFBAF32}.Debug|Any CPU.ActiveCfg = Debug|Any CPU
		{351F2FAE-7FD8-4FD6-B074-C2F3DEFBAF32}.Debug|Any CPU.Build.0 = Debug|Any CPU
		{351F2FAE-7FD8-4FD6-B074-C2F3DEFBAF32}.Release|Any CPU.ActiveCfg = Release|Any CPU
		{351F2FAE-7FD8-4FD6-B074-C2F3DEFBAF32}.Release|Any CPU.Build.0 = Release|Any CPU
		{A05D4C2C-F12A-4B11-B964-0A2F461DA4F2}.Debug|Any CPU.ActiveCfg = Debug|Any CPU
		{A05D4C2C-F12A-4B11-B964-0A2F461DA4F2}.Debug|Any CPU.Build.0 = Debug|Any CPU
		{A05D4C2C-F12A-4B11-B964-0A2F461DA4F2}.Release|Any CPU.ActiveCfg = Release|Any CPU
		{A05D4C2C-F12A-4B11-B964-0A2F461DA4F2}.Release|Any CPU.Build.0 = Release|Any CPU
		{B9C54836-702D-4840-9FF8-416F6530FB38}.Debug|Any CPU.ActiveCfg = Debug|Any CPU
		{B9C54836-702D-4840-9FF8-416F6530FB38}.Debug|Any CPU.Build.0 = Debug|Any CPU
		{B9C54836-702D-4840-9FF8-416F6530FB38}.Release|Any CPU.ActiveCfg = Release|Any CPU
		{B9C54836-702D-4840-9FF8-416F6530FB38}.Release|Any CPU.Build.0 = Release|Any CPU
	EndGlobalSection
	GlobalSection(SolutionProperties) = preSolution
		HideSolutionNode = FALSE
	EndGlobalSection
	GlobalSection(ExtensibilityGlobals) = postSolution
		SolutionGuid = {6513EEEB-6CB6-4C71-9DD0-16A1AB89A3DC}
	EndGlobalSection
EndGlobal
